<?xml version="1.0" encoding="utf-8"?>
<Project ToolsVersion="4.0" xmlns="http://schemas.microsoft.com/developer/msbuild/2003">
  <ItemGroup>
    <Filter Include="Source Files">
      <UniqueIdentifier>{4FC737F1-C7A5-4376-A066-2A32D752A2FF}</UniqueIdentifier>
      <Extensions>cpp;c;cc;cxx;c++;cppm;ixx;def;odl;idl;hpj;bat;asm;asmx</Extensions>
    </Filter>
    <Filter Include="Header Files">
      <UniqueIdentifier>{93995380-89BD-4b04-88EB-625FBE52EBFB}</UniqueIdentifier>
      <Extensions>h;hh;hpp;hxx;h++;hm;inl;inc;ipp;xsd</Extensions>
    </Filter>
    <Filter Include="Resource Files">
      <UniqueIdentifier>{67DA6AB6-F800-4c08-8B7A-83BB121AAD01}</UniqueIdentifier>
      <Extensions>rc;ico;cur;bmp;dlg;rc2;rct;bin;rgs;gif;jpg;jpeg;jpe;resx;tiff;tif;png;wav;mfcribbon-ms</Extensions>
    </Filter>
  </ItemGroup>
  <ItemGroup>
    <ClInclude Include="src\cheats\ActualAimbot.h">
      <Filter>Header Files</Filter>
    </ClInclude>
    <ClInclude Include="src\cheats\AspectRatio.h">
      <Filter>Header Files</Filter>
    </ClInclude>
    <ClInclude Include="src\cheats\Bunnyhop.h">
      <Filter>Header Files</Filter>
    </ClInclude>
    <ClInclude Include="src\cheats\Chams.h">
      <Filter>Header Files</Filter>
    </ClInclude>
    <ClInclude Include="src\cheats\FastReload.h">
      <Filter>Header Files</Filter>
    </ClInclude>
    <ClInclude Include="src\cheats\GlowESP.h">
      <Filter>Header Files</Filter>
    </ClInclude>
    <ClInclude Include="src\cheats\GrenadePrediction.h">
      <Filter>Header Files</Filter>
    </ClInclude>
    <ClInclude Include="src\cheats\HitSound.h">
      <Filter>Header Files</Filter>
    </ClInclude>
    <ClInclude Include="src\cheats\NightMode.h">
      <Filter>Header Files</Filter>
    </ClInclude>
    <ClInclude Include="src\cheats\PostProcessing.h">
      <Filter>Header Files</Filter>
    </ClInclude>
    <ClInclude Include="src\cheats\Radar.h">
      <Filter>Header Files</Filter>
    </ClInclude>
    <ClInclude Include="src\cheats\RankReveal.h">
      <Filter>Header Files</Filter>
    </ClInclude>
    <ClInclude Include="src\cheats\RecoilCrosshair.h">
      <Filter>Header Files</Filter>
    </ClInclude>
    <ClInclude Include="src\cheats\Skinchanger.h">
      <Filter>Header Files</Filter>
    </ClInclude>
    <ClInclude Include="src\cheats\SkyBoxChanger.h">
      <Filter>Header Files</Filter>
    </ClInclude>
    <ClInclude Include="src\cheats\SniperCrosshair.h">
      <Filter>Header Files</Filter>
    </ClInclude>
    <ClInclude Include="src\cheats\Triggerbot.h">
      <Filter>Header Files</Filter>
    </ClInclude>
    <ClInclude Include="src\cheats\ViewModelFOV.h">
      <Filter>Header Files</Filter>
    </ClInclude>
    <ClInclude Include="src\csgo\csgo.h">
      <Filter>Header Files</Filter>
    </ClInclude>
    <ClInclude Include="src\csgo\cvar_mgr.hpp">
      <Filter>Header Files</Filter>
    </ClInclude>
    <ClInclude Include="src\csgo\entity.h">
      <Filter>Header Files</Filter>
    </ClInclude>
    <ClInclude Include="src\csgo\input_system.hpp">
      <Filter>Header Files</Filter>
    </ClInclude>
    <ClInclude Include="src\csgo\math.h">
      <Filter>Header Files</Filter>
    </ClInclude>
    <ClInclude Include="src\csgo\netvars.h">
      <Filter>Header Files</Filter>
    </ClInclude>
    <ClInclude Include="src\mem\mem.h">
      <Filter>Header Files</Filter>
    </ClInclude>
    <ClInclude Include="src\mem\module.h">
      <Filter>Header Files</Filter>
    </ClInclude>
    <ClInclude Include="src\utils\Color.h">
      <Filter>Header Files</Filter>
    </ClInclude>
    <ClInclude Include="src\utils\console.h">
      <Filter>Header Files</Filter>
    </ClInclude>
    <ClInclude Include="src\utils\Cray.h">
      <Filter>Header Files</Filter>
    </ClInclude>
    <ClInclude Include="src\utils\files.h">
      <Filter>Header Files</Filter>
    </ClInclude>
    <ClInclude Include="src\utils\MiscUtils.h">
      <Filter>Header Files</Filter>
    </ClInclude>
    <ClInclude Include="src\utils\ShootManager.h">
      <Filter>Header Files</Filter>
    </ClInclude>
    <ClInclude Include="src\utils\typedefs.h">
      <Filter>Header Files</Filter>
    </ClInclude>
    <ClInclude Include="src\ValveBSP\BSPFile.hpp">
      <Filter>Header Files</Filter>
    </ClInclude>
    <ClInclude Include="src\ValveBSP\BSPFlags.hpp">
      <Filter>Header Files</Filter>
    </ClInclude>
    <ClInclude Include="src\ValveBSP\BSPParser.hpp">
      <Filter>Header Files</Filter>
    </ClInclude>
    <ClInclude Include="src\ValveBSP\BSPStructure.hpp">
      <Filter>Header Files</Filter>
    </ClInclude>
    <ClInclude Include="src\ValveBSP\Matrix.hpp">
      <Filter>Header Files</Filter>
    </ClInclude>
    <ClInclude Include="src\ValveBSP\TraceRay.hpp">
      <Filter>Header Files</Filter>
    </ClInclude>
    <ClInclude Include="src\config.h">
      <Filter>Header Files</Filter>
    </ClInclude>
    <ClInclude Include="src\enums.h">
      <Filter>Header Files</Filter>
    </ClInclude>
    <ClInclude Include="src\main.h">
      <Filter>Header Files</Filter>
    </ClInclude>
    <ClInclude Include="src\offsets.h">
      <Filter>Header Files</Filter>
    </ClInclude>
    <ClInclude Include="src\utils\xorstr.hpp">
      <Filter>Header Files</Filter>
    </ClInclude>
  </ItemGroup>
  <ItemGroup>
    <ClCompile Include="src\csgo\csgo.cpp">
      <Filter>Source Files</Filter>
    </ClCompile>
    <ClCompile Include="src\csgo\cvar_mgr.cpp">
      <Filter>Source Files</Filter>
    </ClCompile>
    <ClCompile Include="src\csgo\entity.cpp">
      <Filter>Source Files</Filter>
    </ClCompile>
    <ClCompile Include="src\csgo\input_system.cpp">
      <Filter>Source Files</Filter>
    </ClCompile>
    <ClCompile Include="src\csgo\netvars.cpp">
      <Filter>Source Files</Filter>
    </ClCompile>
    <ClCompile Include="src\mem\mem.cpp">
      <Filter>Source Files</Filter>
    </ClCompile>
    <ClCompile Include="src\utils\console.cpp">
      <Filter>Source Files</Filter>
    </ClCompile>
    <ClCompile Include="src\utils\files.cpp">
      <Filter>Source Files</Filter>
    </ClCompile>
    <ClCompile Include="src\utils\MiscUtils.cpp">
      <Filter>Source Files</Filter>
    </ClCompile>
    <ClCompile Include="src\ValveBSP\BSPFile.cpp">
      <Filter>Source Files</Filter>
    </ClCompile>
    <ClCompile Include="src\ValveBSP\BSPParser.cpp">
      <Filter>Source Files</Filter>
    </ClCompile>
    <ClCompile Include="src\ValveBSP\TraceRay.cpp">
      <Filter>Source Files</Filter>
    </ClCompile>
    <ClCompile Include="src\config.cpp">
      <Filter>Source Files</Filter>
    </ClCompile>
    <ClCompile Include="src\DLLMain.cpp">
      <Filter>Source Files</Filter>
    </ClCompile>
    <ClCompile Include="src\offsets.cpp">
      <Filter>Source Files</Filter>
    </ClCompile>
  </ItemGroup>
</Project>